
Microsoft Visual Studio Solution File, Format Version 12.00
# Visual Studio Version 17
VisualStudioVersion = 17.3.32811.315
MinimumVisualStudioVersion = 10.0.40219.1
Project("{FAE04EC0-301F-11D3-BF4B-00C04F79EFBC}") = "CursoDeDesignPatterns", "CursoDeDesignPatterns\CursoDeDesignPatterns.csproj", "{996ADCD9-6612-4F6C-937D-B02FC7FF3F05}"
EndProject
Global
	GlobalSection(SolutionConfigurationPlatforms) = preSolution
		Debug|Any CPU = Debug|Any CPU
		Release|Any CPU = Release|Any CPU
	EndGlobalSection
	GlobalSection(ProjectConfigurationPlatforms) = postSolution
		{996ADCD9-6612-4F6C-937D-B02FC7FF3F05}.Debug|Any CPU.ActiveCfg = Debug|Any CPU
		{996ADCD9-6612-4F6C-937D-B02FC7FF3F05}.Debug|Any CPU.Build.0 = Debug|Any CPU
		{996ADCD9-6612-4F6C-937D-B02FC7FF3F05}.Release|Any CPU.ActiveCfg = Release|Any CPU
		{996ADCD9-6612-4F6C-937D-B02FC7FF3F05}.Release|Any CPU.Build.0 = Release|Any CPU
	EndGlobalSection
	GlobalSection(SolutionProperties) = preSolution
		HideSolutionNode = FALSE
	EndGlobalSection
	GlobalSection(ExtensibilityGlobals) = postSolution
		SolutionGuid = {4991F477-1728-4D41-8872-190ECE51DC39}
	EndGlobalSection
EndGlobal
